// !$*UTF8*$!
{
	archiveVersion = 1;
	classes = {
	};
	objectVersion = 46;
	objects = {

/* Begin PBXBuildFile section */
		003B957F1E5DB48800688BFF /* AppDelegate.swift in Sources */ = {isa = PBXBuildFile; fileRef = 003B957E1E5DB48800688BFF /* AppDelegate.swift */; };
		003B95811E5DB48800688BFF /* OptionsViewController.swift in Sources */ = {isa = PBXBuildFile; fileRef = 003B95801E5DB48800688BFF /* OptionsViewController.swift */; };
		003B95831E5DB48800688BFF /* CreateInspectionViewController.swift in Sources */ = {isa = PBXBuildFile; fileRef = 003B95821E5DB48800688BFF /* CreateInspectionViewController.swift */; };
		003B95881E5DB48800688BFF /* Assets.xcassets in Resources */ = {isa = PBXBuildFile; fileRef = 003B95871E5DB48800688BFF /* Assets.xcassets */; };
		003B958B1E5DB48800688BFF /* LaunchScreen.storyboard in Resources */ = {isa = PBXBuildFile; fileRef = 003B95891E5DB48800688BFF /* LaunchScreen.storyboard */; };
		003B95BD1E5DB4ED00688BFF /* InspectionsLib.framework in Frameworks */ = {isa = PBXBuildFile; fileRef = 003B95BC1E5DB4ED00688BFF /* InspectionsLib.framework */; };
		003B95BE1E5DB4ED00688BFF /* InspectionsLib.framework in Embed Frameworks */ = {isa = PBXBuildFile; fileRef = 003B95BC1E5DB4ED00688BFF /* InspectionsLib.framework */; settings = {ATTRIBUTES = (CodeSignOnCopy, RemoveHeadersOnCopy, ); }; };
		003B95C11E5DB53800688BFF /* InspectionsData.framework in Frameworks */ = {isa = PBXBuildFile; fileRef = 003B95C01E5DB53800688BFF /* InspectionsData.framework */; };
		003B95C21E5DB53800688BFF /* InspectionsData.framework in Embed Frameworks */ = {isa = PBXBuildFile; fileRef = 003B95C01E5DB53800688BFF /* InspectionsData.framework */; settings = {ATTRIBUTES = (CodeSignOnCopy, RemoveHeadersOnCopy, ); }; };
		003C5FDC1E5DBC2D001B5B1F /* LoginViewController.swift in Sources */ = {isa = PBXBuildFile; fileRef = 003C5FDB1E5DBC2D001B5B1F /* LoginViewController.swift */; };
		003C5FE31E5DC150001B5B1F /* Main.storyboard in Resources */ = {isa = PBXBuildFile; fileRef = 003C5FE11E5DC150001B5B1F /* Main.storyboard */; };
		00639E7F1E5F05DE00B17E31 /* InspectionBookingsViewController.swift in Sources */ = {isa = PBXBuildFile; fileRef = 00639E7E1E5F05DE00B17E31 /* InspectionBookingsViewController.swift */; };
		007F03F11E5E178500B831E2 /* ForgotPasswordViewController.swift in Sources */ = {isa = PBXBuildFile; fileRef = 007F03F01E5E178500B831E2 /* ForgotPasswordViewController.swift */; };
		008B497A1E60647D00341DC9 /* InspectionsWebServices.framework in Frameworks */ = {isa = PBXBuildFile; fileRef = 008B49791E60647D00341DC9 /* InspectionsWebServices.framework */; };
		008B497B1E60647D00341DC9 /* InspectionsWebServices.framework in Embed Frameworks */ = {isa = PBXBuildFile; fileRef = 008B49791E60647D00341DC9 /* InspectionsWebServices.framework */; settings = {ATTRIBUTES = (CodeSignOnCopy, RemoveHeadersOnCopy, ); }; };
		00A98EBB1E5FE88B00363762 /* SwiftyJSON.framework in Frameworks */ = {isa = PBXBuildFile; fileRef = 00A98EB11E5FE7B100363762 /* SwiftyJSON.framework */; };
		00A98EBC1E5FE88B00363762 /* SwiftyJSON.framework in Embed Frameworks */ = {isa = PBXBuildFile; fileRef = 00A98EB11E5FE7B100363762 /* SwiftyJSON.framework */; settings = {ATTRIBUTES = (CodeSignOnCopy, RemoveHeadersOnCopy, ); }; };
		00A98EBD1E5FE88B00363762 /* Alamofire.framework in Frameworks */ = {isa = PBXBuildFile; fileRef = 00A98EAF1E5FE7A000363762 /* Alamofire.framework */; };
		00A98EBE1E5FE88B00363762 /* Alamofire.framework in Embed Frameworks */ = {isa = PBXBuildFile; fileRef = 00A98EAF1E5FE7A000363762 /* Alamofire.framework */; settings = {ATTRIBUTES = (CodeSignOnCopy, RemoveHeadersOnCopy, ); }; };
		00B5B2CA1E5DDC4F00249D60 /* HomeTabBarController.swift in Sources */ = {isa = PBXBuildFile; fileRef = 00B5B2C91E5DDC4F00249D60 /* HomeTabBarController.swift */; };
		00BB3A001E62F7960055125B /* UserDefaultsPersistenceTest.swift in Sources */ = {isa = PBXBuildFile; fileRef = 00BB39FF1E62F7960055125B /* UserDefaultsPersistenceTest.swift */; };
		00CC4EF31E6171390021B99A /* MbInspectionsTests.swift in Sources */ = {isa = PBXBuildFile; fileRef = 00CC4EF21E6171390021B99A /* MbInspectionsTests.swift */; };
		00CC4EFB1E61721C0021B99A /* AuthenticationServiceTest.swift in Sources */ = {isa = PBXBuildFile; fileRef = 00CC4EFA1E61721C0021B99A /* AuthenticationServiceTest.swift */; };
		00CC4EFD1E61816A0021B99A /* InspectionsWebServices.framework in Frameworks */ = {isa = PBXBuildFile; fileRef = 00CC4EFC1E61816A0021B99A /* InspectionsWebServices.framework */; };
		00CC4EFF1E61816E0021B99A /* InspectionsLib.framework in Frameworks */ = {isa = PBXBuildFile; fileRef = 00CC4EFE1E61816E0021B99A /* InspectionsLib.framework */; };
		00CC4F011E6181710021B99A /* InspectionsData.framework in Frameworks */ = {isa = PBXBuildFile; fileRef = 00CC4F001E6181710021B99A /* InspectionsData.framework */; };
		00CC4F021E6181960021B99A /* Alamofire.framework in Frameworks */ = {isa = PBXBuildFile; fileRef = 00A98EAF1E5FE7A000363762 /* Alamofire.framework */; };
		00CC4F031E6181A60021B99A /* SwiftyJSON.framework in Frameworks */ = {isa = PBXBuildFile; fileRef = 00A98EB11E5FE7B100363762 /* SwiftyJSON.framework */; };
/* End PBXBuildFile section */

/* Begin PBXContainerItemProxy section */
		00CC4EF51E6171390021B99A /* PBXContainerItemProxy */ = {
			isa = PBXContainerItemProxy;
			containerPortal = 003B95731E5DB48800688BFF /* Project object */;
			proxyType = 1;
			remoteGlobalIDString = 003B957A1E5DB48800688BFF;
			remoteInfo = MbInspections;
		};
/* End PBXContainerItemProxy section */

/* Begin PBXCopyFilesBuildPhase section */
		003B95BF1E5DB4EE00688BFF /* Embed Frameworks */ = {
			isa = PBXCopyFilesBuildPhase;
			buildActionMask = 2147483647;
			dstPath = "";
			dstSubfolderSpec = 10;
			files = (
				003B95C21E5DB53800688BFF /* InspectionsData.framework in Embed Frameworks */,
				008B497B1E60647D00341DC9 /* InspectionsWebServices.framework in Embed Frameworks */,
				003B95BE1E5DB4ED00688BFF /* InspectionsLib.framework in Embed Frameworks */,
				00A98EBC1E5FE88B00363762 /* SwiftyJSON.framework in Embed Frameworks */,
				00A98EBE1E5FE88B00363762 /* Alamofire.framework in Embed Frameworks */,
			);
			name = "Embed Frameworks";
			runOnlyForDeploymentPostprocessing = 0;
		};
/* End PBXCopyFilesBuildPhase section */

/* Begin PBXFileReference section */
		003B957B1E5DB48800688BFF /* MbInspections.app */ = {isa = PBXFileReference; explicitFileType = wrapper.application; includeInIndex = 0; path = MbInspections.app; sourceTree = BUILT_PRODUCTS_DIR; };
		003B957E1E5DB48800688BFF /* AppDelegate.swift */ = {isa = PBXFileReference; lastKnownFileType = sourcecode.swift; path = AppDelegate.swift; sourceTree = "<group>"; };
		003B95801E5DB48800688BFF /* OptionsViewController.swift */ = {isa = PBXFileReference; lastKnownFileType = sourcecode.swift; path = OptionsViewController.swift; sourceTree = "<group>"; };
		003B95821E5DB48800688BFF /* CreateInspectionViewController.swift */ = {isa = PBXFileReference; lastKnownFileType = sourcecode.swift; path = CreateInspectionViewController.swift; sourceTree = "<group>"; };
		003B95871E5DB48800688BFF /* Assets.xcassets */ = {isa = PBXFileReference; lastKnownFileType = folder.assetcatalog; path = Assets.xcassets; sourceTree = "<group>"; };
		003B958A1E5DB48800688BFF /* Base */ = {isa = PBXFileReference; lastKnownFileType = file.storyboard; name = Base; path = Base.lproj/LaunchScreen.storyboard; sourceTree = "<group>"; };
		003B958C1E5DB48800688BFF /* Info.plist */ = {isa = PBXFileReference; lastKnownFileType = text.plist.xml; path = Info.plist; sourceTree = "<group>"; };
		003B95BC1E5DB4ED00688BFF /* InspectionsLib.framework */ = {isa = PBXFileReference; explicitFileType = wrapper.framework; path = InspectionsLib.framework; sourceTree = BUILT_PRODUCTS_DIR; };
		003B95C01E5DB53800688BFF /* InspectionsData.framework */ = {isa = PBXFileReference; explicitFileType = wrapper.framework; path = InspectionsData.framework; sourceTree = BUILT_PRODUCTS_DIR; };
		003C5FDB1E5DBC2D001B5B1F /* LoginViewController.swift */ = {isa = PBXFileReference; fileEncoding = 4; lastKnownFileType = sourcecode.swift; path = LoginViewController.swift; sourceTree = "<group>"; };
		003C5FE21E5DC150001B5B1F /* Base */ = {isa = PBXFileReference; lastKnownFileType = file.storyboard; name = Base; path = MbInspections/Base.lproj/Main.storyboard; sourceTree = "<group>"; };
		00639E7E1E5F05DE00B17E31 /* InspectionBookingsViewController.swift */ = {isa = PBXFileReference; fileEncoding = 4; lastKnownFileType = sourcecode.swift; path = InspectionBookingsViewController.swift; sourceTree = "<group>"; };
		007F03F01E5E178500B831E2 /* ForgotPasswordViewController.swift */ = {isa = PBXFileReference; fileEncoding = 4; lastKnownFileType = sourcecode.swift; path = ForgotPasswordViewController.swift; sourceTree = "<group>"; };
		008B49791E60647D00341DC9 /* InspectionsWebServices.framework */ = {isa = PBXFileReference; explicitFileType = wrapper.framework; path = InspectionsWebServices.framework; sourceTree = BUILT_PRODUCTS_DIR; };
		00A98EAF1E5FE7A000363762 /* Alamofire.framework */ = {isa = PBXFileReference; lastKnownFileType = wrapper.framework; name = Alamofire.framework; path = Carthage/Build/iOS/Alamofire.framework; sourceTree = "<group>"; };
		00A98EB11E5FE7B100363762 /* SwiftyJSON.framework */ = {isa = PBXFileReference; lastKnownFileType = wrapper.framework; name = SwiftyJSON.framework; path = Carthage/Build/iOS/SwiftyJSON.framework; sourceTree = "<group>"; };
		00B5B2C91E5DDC4F00249D60 /* HomeTabBarController.swift */ = {isa = PBXFileReference; fileEncoding = 4; lastKnownFileType = sourcecode.swift; path = HomeTabBarController.swift; sourceTree = "<group>"; };
		00BB39FF1E62F7960055125B /* UserDefaultsPersistenceTest.swift */ = {isa = PBXFileReference; fileEncoding = 4; lastKnownFileType = sourcecode.swift; path = UserDefaultsPersistenceTest.swift; sourceTree = "<group>"; };
		00CC4EF01E6171390021B99A /* MbInspectionsTests.xctest */ = {isa = PBXFileReference; explicitFileType = wrapper.cfbundle; includeInIndex = 0; path = MbInspectionsTests.xctest; sourceTree = BUILT_PRODUCTS_DIR; };
		00CC4EF21E6171390021B99A /* MbInspectionsTests.swift */ = {isa = PBXFileReference; lastKnownFileType = sourcecode.swift; path = MbInspectionsTests.swift; sourceTree = "<group>"; };
		00CC4EF41E6171390021B99A /* Info.plist */ = {isa = PBXFileReference; lastKnownFileType = text.plist.xml; path = Info.plist; sourceTree = "<group>"; };
		00CC4EFA1E61721C0021B99A /* AuthenticationServiceTest.swift */ = {isa = PBXFileReference; fileEncoding = 4; lastKnownFileType = sourcecode.swift; path = AuthenticationServiceTest.swift; sourceTree = "<group>"; };
		00CC4EFC1E61816A0021B99A /* InspectionsWebServices.framework */ = {isa = PBXFileReference; lastKnownFileType = wrapper.framework; name = InspectionsWebServices.framework; path = "../../../../Library/Developer/Xcode/DerivedData/InspectionsWorkspace-gvsiasmrtuyexrfvhfeyeyqpwrty/Build/Products/Debug-iphonesimulator/InspectionsWebServices.framework"; sourceTree = "<group>"; };
		00CC4EFE1E61816E0021B99A /* InspectionsLib.framework */ = {isa = PBXFileReference; lastKnownFileType = wrapper.framework; name = InspectionsLib.framework; path = "../../../../Library/Developer/Xcode/DerivedData/InspectionsWorkspace-gvsiasmrtuyexrfvhfeyeyqpwrty/Build/Products/Debug-iphonesimulator/InspectionsLib.framework"; sourceTree = "<group>"; };
		00CC4F001E6181710021B99A /* InspectionsData.framework */ = {isa = PBXFileReference; lastKnownFileType = wrapper.framework; name = InspectionsData.framework; path = "../../../../Library/Developer/Xcode/DerivedData/InspectionsWorkspace-gvsiasmrtuyexrfvhfeyeyqpwrty/Build/Products/Debug-iphonesimulator/InspectionsData.framework"; sourceTree = "<group>"; };
/* End PBXFileReference section */

/* Begin PBXFrameworksBuildPhase section */
		003B95781E5DB48800688BFF /* Frameworks */ = {
			isa = PBXFrameworksBuildPhase;
			buildActionMask = 2147483647;
			files = (
				003B95C11E5DB53800688BFF /* InspectionsData.framework in Frameworks */,
				008B497A1E60647D00341DC9 /* InspectionsWebServices.framework in Frameworks */,
				003B95BD1E5DB4ED00688BFF /* InspectionsLib.framework in Frameworks */,
				00A98EBB1E5FE88B00363762 /* SwiftyJSON.framework in Frameworks */,
				00A98EBD1E5FE88B00363762 /* Alamofire.framework in Frameworks */,
			);
			runOnlyForDeploymentPostprocessing = 0;
		};
		00CC4EED1E6171390021B99A /* Frameworks */ = {
			isa = PBXFrameworksBuildPhase;
			buildActionMask = 2147483647;
			files = (
				00CC4F031E6181A60021B99A /* SwiftyJSON.framework in Frameworks */,
				00CC4F021E6181960021B99A /* Alamofire.framework in Frameworks */,
				00CC4F011E6181710021B99A /* InspectionsData.framework in Frameworks */,
				00CC4EFF1E61816E0021B99A /* InspectionsLib.framework in Frameworks */,
				00CC4EFD1E61816A0021B99A /* InspectionsWebServices.framework in Frameworks */,
			);
			runOnlyForDeploymentPostprocessing = 0;
		};
/* End PBXFrameworksBuildPhase section */

/* Begin PBXGroup section */
		003B95721E5DB48800688BFF = {
			isa = PBXGroup;
			children = (
				008B49791E60647D00341DC9 /* InspectionsWebServices.framework */,
				003B95C01E5DB53800688BFF /* InspectionsData.framework */,
				003B95BC1E5DB4ED00688BFF /* InspectionsLib.framework */,
				003B957D1E5DB48800688BFF /* MbInspections */,
				00CC4EF11E6171390021B99A /* MbInspectionsTests */,
				003B957C1E5DB48800688BFF /* Products */,
				00A98EAE1E5FE7A000363762 /* Frameworks */,
			);
			sourceTree = "<group>";
		};
		003B957C1E5DB48800688BFF /* Products */ = {
			isa = PBXGroup;
			children = (
				003B957B1E5DB48800688BFF /* MbInspections.app */,
				00CC4EF01E6171390021B99A /* MbInspectionsTests.xctest */,
			);
			name = Products;
			sourceTree = "<group>";
		};
		003B957D1E5DB48800688BFF /* MbInspections */ = {
			isa = PBXGroup;
			children = (
				003C5FDD1E5DBC62001B5B1F /* ViewControllers */,
				003C5FD31E5DB88A001B5B1F /* Infra */,
				003C5FD21E5DB87F001B5B1F /* AppLayer */,
				003B957E1E5DB48800688BFF /* AppDelegate.swift */,
				003C5FE11E5DC150001B5B1F /* Main.storyboard */,
				003B95871E5DB48800688BFF /* Assets.xcassets */,
				003B95891E5DB48800688BFF /* LaunchScreen.storyboard */,
				003B958C1E5DB48800688BFF /* Info.plist */,
			);
			path = MbInspections;
			sourceTree = "<group>";
		};
		003C5FD21E5DB87F001B5B1F /* AppLayer */ = {
			isa = PBXGroup;
			children = (
			);
			name = AppLayer;
			sourceTree = "<group>";
		};
		003C5FD31E5DB88A001B5B1F /* Infra */ = {
			isa = PBXGroup;
			children = (
			);
			name = Infra;
			sourceTree = "<group>";
		};
		003C5FDD1E5DBC62001B5B1F /* ViewControllers */ = {
			isa = PBXGroup;
			children = (
				003C5FDB1E5DBC2D001B5B1F /* LoginViewController.swift */,
				003B95821E5DB48800688BFF /* CreateInspectionViewController.swift */,
				003B95801E5DB48800688BFF /* OptionsViewController.swift */,
				00B5B2C91E5DDC4F00249D60 /* HomeTabBarController.swift */,
				007F03F01E5E178500B831E2 /* ForgotPasswordViewController.swift */,
				00639E7E1E5F05DE00B17E31 /* InspectionBookingsViewController.swift */,
			);
			name = ViewControllers;
			sourceTree = "<group>";
		};
		00A98EAE1E5FE7A000363762 /* Frameworks */ = {
			isa = PBXGroup;
			children = (
				00CC4F001E6181710021B99A /* InspectionsData.framework */,
				00CC4EFE1E61816E0021B99A /* InspectionsLib.framework */,
				00CC4EFC1E61816A0021B99A /* InspectionsWebServices.framework */,
				00A98EB11E5FE7B100363762 /* SwiftyJSON.framework */,
				00A98EAF1E5FE7A000363762 /* Alamofire.framework */,
			);
			name = Frameworks;
			sourceTree = "<group>";
		};
		00CC4EF11E6171390021B99A /* MbInspectionsTests */ = {
			isa = PBXGroup;
			children = (
				00CC4EF21E6171390021B99A /* MbInspectionsTests.swift */,
				00CC4EF41E6171390021B99A /* Info.plist */,
				00CC4EFA1E61721C0021B99A /* AuthenticationServiceTest.swift */,
				00BB39FF1E62F7960055125B /* UserDefaultsPersistenceTest.swift */,
			);
			path = MbInspectionsTests;
			sourceTree = "<group>";
		};
/* End PBXGroup section */

/* Begin PBXNativeTarget section */
		003B957A1E5DB48800688BFF /* MbInspections */ = {
			isa = PBXNativeTarget;
			buildConfigurationList = 003B958F1E5DB48800688BFF /* Build configuration list for PBXNativeTarget "MbInspections" */;
			buildPhases = (
				003B95771E5DB48800688BFF /* Sources */,
				003B95781E5DB48800688BFF /* Frameworks */,
				003B95791E5DB48800688BFF /* Resources */,
				003B95BF1E5DB4EE00688BFF /* Embed Frameworks */,
				008B49761E60525100341DC9 /* ShellScript */,
			);
			buildRules = (
			);
			dependencies = (
			);
			name = MbInspections;
			productName = MbInspections;
			productReference = 003B957B1E5DB48800688BFF /* MbInspections.app */;
			productType = "com.apple.product-type.application";
		};
		00CC4EEF1E6171390021B99A /* MbInspectionsTests */ = {
			isa = PBXNativeTarget;
			buildConfigurationList = 00CC4EF91E6171390021B99A /* Build configuration list for PBXNativeTarget "MbInspectionsTests" */;
			buildPhases = (
				00CC4EEC1E6171390021B99A /* Sources */,
				00CC4EED1E6171390021B99A /* Frameworks */,
				00CC4EEE1E6171390021B99A /* Resources */,
				00CC4F041E6181D00021B99A /* ShellScript */,
			);
			buildRules = (
			);
			dependencies = (
				00CC4EF61E6171390021B99A /* PBXTargetDependency */,
			);
			name = MbInspectionsTests;
			productName = MbInspectionsTests;
			productReference = 00CC4EF01E6171390021B99A /* MbInspectionsTests.xctest */;
			productType = "com.apple.product-type.bundle.unit-test";
		};
/* End PBXNativeTarget section */

/* Begin PBXProject section */
		003B95731E5DB48800688BFF /* Project object */ = {
			isa = PBXProject;
			attributes = {
				LastSwiftUpdateCheck = 0820;
				LastUpgradeCheck = 0820;
				ORGANIZATIONNAME = "Ryan Johansen";
				TargetAttributes = {
					003B957A1E5DB48800688BFF = {
						CreatedOnToolsVersion = 8.2.1;
						DevelopmentTeam = 8T6B5Y5S72;
						ProvisioningStyle = Automatic;
					};
					00CC4EEF1E6171390021B99A = {
						CreatedOnToolsVersion = 8.2.1;
						DevelopmentTeam = 8T6B5Y5S72;
						ProvisioningStyle = Automatic;
						TestTargetID = 003B957A1E5DB48800688BFF;
					};
				};
			};
			buildConfigurationList = 003B95761E5DB48800688BFF /* Build configuration list for PBXProject "MbInspections" */;
			compatibilityVersion = "Xcode 3.2";
			developmentRegion = English;
			hasScannedForEncodings = 0;
			knownRegions = (
				en,
				Base,
			);
			mainGroup = 003B95721E5DB48800688BFF;
			productRefGroup = 003B957C1E5DB48800688BFF /* Products */;
			projectDirPath = "";
			projectRoot = "";
			targets = (
				003B957A1E5DB48800688BFF /* MbInspections */,
				00CC4EEF1E6171390021B99A /* MbInspectionsTests */,
			);
		};
/* End PBXProject section */

/* Begin PBXResourcesBuildPhase section */
		003B95791E5DB48800688BFF /* Resources */ = {
			isa = PBXResourcesBuildPhase;
			buildActionMask = 2147483647;
			files = (
				003C5FE31E5DC150001B5B1F /* Main.storyboard in Resources */,
				003B958B1E5DB48800688BFF /* LaunchScreen.storyboard in Resources */,
				003B95881E5DB48800688BFF /* Assets.xcassets in Resources */,
			);
			runOnlyForDeploymentPostprocessing = 0;
		};
		00CC4EEE1E6171390021B99A /* Resources */ = {
			isa = PBXResourcesBuildPhase;
			buildActionMask = 2147483647;
			files = (
			);
			runOnlyForDeploymentPostprocessing = 0;
		};
/* End PBXResourcesBuildPhase section */

/* Begin PBXShellScriptBuildPhase section */
		008B49761E60525100341DC9 /* ShellScript */ = {
			isa = PBXShellScriptBuildPhase;
			buildActionMask = 8;
			files = (
			);
			inputPaths = (
				"$(SRCROOT)/Carthage/Build/iOS/Alamofire.framework",
				"$(SRCROOT)/Carthage/Build/iOS/SwiftyJSON.framework",
			);
			outputPaths = (
			);
			runOnlyForDeploymentPostprocessing = 1;
			shellPath = /bin/sh;
			shellScript = "/usr/local/bin/carthage copy-frameworks";
		};
		00CC4F041E6181D00021B99A /* ShellScript */ = {
			isa = PBXShellScriptBuildPhase;
			buildActionMask = 2147483647;
			files = (
			);
			inputPaths = (
				"$(SRCROOT)/Carthage/Build/iOS/Alamofire.framework",
				"$(SRCROOT)/Carthage/Build/iOS/SwiftyJSON.framework",
			);
			outputPaths = (
			);
			runOnlyForDeploymentPostprocessing = 0;
			shellPath = /bin/sh;
			shellScript = "/usr/local/bin/carthage copy-frameworks";
		};
/* End PBXShellScriptBuildPhase section */

/* Begin PBXSourcesBuildPhase section */
		003B95771E5DB48800688BFF /* Sources */ = {
			isa = PBXSourcesBuildPhase;
			buildActionMask = 2147483647;
			files = (
				003C5FDC1E5DBC2D001B5B1F /* LoginViewController.swift in Sources */,
				003B95831E5DB48800688BFF /* CreateInspectionViewController.swift in Sources */,
				007F03F11E5E178500B831E2 /* ForgotPasswordViewController.swift in Sources */,
				00639E7F1E5F05DE00B17E31 /* InspectionBookingsViewController.swift in Sources */,
				003B957F1E5DB48800688BFF /* AppDelegate.swift in Sources */,
				003B95811E5DB48800688BFF /* OptionsViewController.swift in Sources */,
				00B5B2CA1E5DDC4F00249D60 /* HomeTabBarController.swift in Sources */,
			);
			runOnlyForDeploymentPostprocessing = 0;
		};
		00CC4EEC1E6171390021B99A /* Sources */ = {
			isa = PBXSourcesBuildPhase;
			buildActionMask = 2147483647;
			files = (
				00CC4EF31E6171390021B99A /* MbInspectionsTests.swift in Sources */,
				00BB3A001E62F7960055125B /* UserDefaultsPersistenceTest.swift in Sources */,
				00CC4EFB1E61721C0021B99A /* AuthenticationServiceTest.swift in Sources */,
			);
			runOnlyForDeploymentPostprocessing = 0;
		};
/* End PBXSourcesBuildPhase section */

/* Begin PBXTargetDependency section */
		00CC4EF61E6171390021B99A /* PBXTargetDependency */ = {
			isa = PBXTargetDependency;
			target = 003B957A1E5DB48800688BFF /* MbInspections */;
			targetProxy = 00CC4EF51E6171390021B99A /* PBXContainerItemProxy */;
		};
/* End PBXTargetDependency section */

/* Begin PBXVariantGroup section */
		003B95891E5DB48800688BFF /* LaunchScreen.storyboard */ = {
			isa = PBXVariantGroup;
			children = (
				003B958A1E5DB48800688BFF /* Base */,
			);
			name = LaunchScreen.storyboard;
			sourceTree = "<group>";
		};
		003C5FE11E5DC150001B5B1F /* Main.storyboard */ = {
			isa = PBXVariantGroup;
			children = (
				003C5FE21E5DC150001B5B1F /* Base */,
			);
			name = Main.storyboard;
			path = ..;
			sourceTree = "<group>";
		};
/* End PBXVariantGroup section */

/* Begin XCBuildConfiguration section */
		003B958D1E5DB48800688BFF /* Debug */ = {
			isa = XCBuildConfiguration;
			buildSettings = {
				ALWAYS_SEARCH_USER_PATHS = NO;
				CLANG_ANALYZER_NONNULL = YES;
				CLANG_CXX_LANGUAGE_STANDARD = "gnu++0x";
				CLANG_CXX_LIBRARY = "libc++";
				CLANG_ENABLE_MODULES = YES;
				CLANG_ENABLE_OBJC_ARC = YES;
				CLANG_WARN_BOOL_CONVERSION = YES;
				CLANG_WARN_CONSTANT_CONVERSION = YES;
				CLANG_WARN_DIRECT_OBJC_ISA_USAGE = YES_ERROR;
				CLANG_WARN_DOCUMENTATION_COMMENTS = YES;
				CLANG_WARN_EMPTY_BODY = YES;
				CLANG_WARN_ENUM_CONVERSION = YES;
				CLANG_WARN_INFINITE_RECURSION = YES;
				CLANG_WARN_INT_CONVERSION = YES;
				CLANG_WARN_OBJC_ROOT_CLASS = YES_ERROR;
				CLANG_WARN_SUSPICIOUS_MOVE = YES;
				CLANG_WARN_UNREACHABLE_CODE = YES;
				CLANG_WARN__DUPLICATE_METHOD_MATCH = YES;
				"CODE_SIGN_IDENTITY[sdk=iphoneos*]" = "iPhone Developer";
				COPY_PHASE_STRIP = NO;
				DEBUG_INFORMATION_FORMAT = dwarf;
				ENABLE_STRICT_OBJC_MSGSEND = YES;
				ENABLE_TESTABILITY = YES;
				GCC_C_LANGUAGE_STANDARD = gnu99;
				GCC_DYNAMIC_NO_PIC = NO;
				GCC_NO_COMMON_BLOCKS = YES;
				GCC_OPTIMIZATION_LEVEL = 0;
				GCC_PREPROCESSOR_DEFINITIONS = (
					"DEBUG=1",
					"$(inherited)",
				);
				GCC_WARN_64_TO_32_BIT_CONVERSION = YES;
				GCC_WARN_ABOUT_RETURN_TYPE = YES_ERROR;
				GCC_WARN_UNDECLARED_SELECTOR = YES;
				GCC_WARN_UNINITIALIZED_AUTOS = YES_AGGRESSIVE;
				GCC_WARN_UNUSED_FUNCTION = YES;
				GCC_WARN_UNUSED_VARIABLE = YES;
				IPHONEOS_DEPLOYMENT_TARGET = 10.2;
				MTL_ENABLE_DEBUG_INFO = YES;
				ONLY_ACTIVE_ARCH = YES;
				SDKROOT = iphoneos;
				SWIFT_ACTIVE_COMPILATION_CONDITIONS = DEBUG;
				SWIFT_OPTIMIZATION_LEVEL = "-Onone";
				TARGETED_DEVICE_FAMILY = "1,2";
			};
			name = Debug;
		};
		003B958E1E5DB48800688BFF /* Release */ = {
			isa = XCBuildConfiguration;
			buildSettings = {
				ALWAYS_SEARCH_USER_PATHS = NO;
				CLANG_ANALYZER_NONNULL = YES;
				CLANG_CXX_LANGUAGE_STANDARD = "gnu++0x";
				CLANG_CXX_LIBRARY = "libc++";
				CLANG_ENABLE_MODULES = YES;
				CLANG_ENABLE_OBJC_ARC = YES;
				CLANG_WARN_BOOL_CONVERSION = YES;
				CLANG_WARN_CONSTANT_CONVERSION = YES;
				CLANG_WARN_DIRECT_OBJC_ISA_USAGE = YES_ERROR;
				CLANG_WARN_DOCUMENTATION_COMMENTS = YES;
				CLANG_WARN_EMPTY_BODY = YES;
				CLANG_WARN_ENUM_CONVERSION = YES;
				CLANG_WARN_INFINITE_RECURSION = YES;
				CLANG_WARN_INT_CONVERSION = YES;
				CLANG_WARN_OBJC_ROOT_CLASS = YES_ERROR;
				CLANG_WARN_SUSPICIOUS_MOVE = YES;
				CLANG_WARN_UNREACHABLE_CODE = YES;
				CLANG_WARN__DUPLICATE_METHOD_MATCH = YES;
				"CODE_SIGN_IDENTITY[sdk=iphoneos*]" = "iPhone Developer";
				COPY_PHASE_STRIP = NO;
				DEBUG_INFORMATION_FORMAT = "dwarf-with-dsym";
				ENABLE_NS_ASSERTIONS = NO;
				ENABLE_STRICT_OBJC_MSGSEND = YES;
				GCC_C_LANGUAGE_STANDARD = gnu99;
				GCC_NO_COMMON_BLOCKS = YES;
				GCC_WARN_64_TO_32_BIT_CONVERSION = YES;
				GCC_WARN_ABOUT_RETURN_TYPE = YES_ERROR;
				GCC_WARN_UNDECLARED_SELECTOR = YES;
				GCC_WARN_UNINITIALIZED_AUTOS = YES_AGGRESSIVE;
				GCC_WARN_UNUSED_FUNCTION = YES;
				GCC_WARN_UNUSED_VARIABLE = YES;
				IPHONEOS_DEPLOYMENT_TARGET = 10.2;
				MTL_ENABLE_DEBUG_INFO = NO;
				SDKROOT = iphoneos;
				SWIFT_OPTIMIZATION_LEVEL = "-Owholemodule";
				TARGETED_DEVICE_FAMILY = "1,2";
				VALIDATE_PRODUCT = YES;
			};
			name = Release;
		};
		003B95901E5DB48800688BFF /* Debug */ = {
			isa = XCBuildConfiguration;
			buildSettings = {
				ASSETCATALOG_COMPILER_APPICON_NAME = AppIcon;
				DEVELOPMENT_TEAM = 8T6B5Y5S72;
				FRAMEWORK_SEARCH_PATHS = (
					"$(inherited)",
					"$(PROJECT_DIR)/Carthage/Build/iOS",
				);
				INFOPLIST_FILE = MbInspections/Info.plist;
				LD_RUNPATH_SEARCH_PATHS = "$(inherited) @executable_path/Frameworks";
				PRODUCT_BUNDLE_IDENTIFIER = daimler.com.MbInspections;
				PRODUCT_NAME = "$(TARGET_NAME)";
				SWIFT_VERSION = 3.0;
			};
			name = Debug;
		};
		003B95911E5DB48800688BFF /* Release */ = {
			isa = XCBuildConfiguration;
			buildSettings = {
				ASSETCATALOG_COMPILER_APPICON_NAME = AppIcon;
				DEVELOPMENT_TEAM = 8T6B5Y5S72;
				FRAMEWORK_SEARCH_PATHS = (
					"$(inherited)",
					"$(PROJECT_DIR)/Carthage/Build/iOS",
				);
				INFOPLIST_FILE = MbInspections/Info.plist;
				LD_RUNPATH_SEARCH_PATHS = "$(inherited) @executable_path/Frameworks";
				PRODUCT_BUNDLE_IDENTIFIER = daimler.com.MbInspections;
				PRODUCT_NAME = "$(TARGET_NAME)";
				SWIFT_VERSION = 3.0;
			};
			name = Release;
		};
		00CC4EF71E6171390021B99A /* Debug */ = {
			isa = XCBuildConfiguration;
			buildSettings = {
				BUNDLE_LOADER = "$(TEST_HOST)";
				DEVELOPMENT_TEAM = 8T6B5Y5S72;
				FRAMEWORK_SEARCH_PATHS = (
					"$(inherited)",
					"$(PROJECT_DIR)/Carthage/Build/iOS",
				);
				INFOPLIST_FILE = MbInspectionsTests/Info.plist;
				LD_RUNPATH_SEARCH_PATHS = "$(inherited) @executable_path/Frameworks @loader_path/Frameworks";
				PRODUCT_BUNDLE_IDENTIFIER = daimler.com.MbInspectionsTests;
				PRODUCT_NAME = "$(TARGET_NAME)";
				SWIFT_VERSION = 3.0;
				TEST_HOST = "$(BUILT_PRODUCTS_DIR)/MbInspections.app/MbInspections";
			};
			name = Debug;
		};
		00CC4EF81E6171390021B99A /* Release */ = {
			isa = XCBuildConfiguration;
			buildSettings = {
				BUNDLE_LOADER = "$(TEST_HOST)";
				DEVELOPMENT_TEAM = 8T6B5Y5S72;
				FRAMEWORK_SEARCH_PATHS = (
					"$(inherited)",
					"$(PROJECT_DIR)/Carthage/Build/iOS",
				);
				INFOPLIST_FILE = MbInspectionsTests/Info.plist;
				LD_RUNPATH_SEARCH_PATHS = "$(inherited) @executable_path/Frameworks @loader_path/Frameworks";
				PRODUCT_BUNDLE_IDENTIFIER = daimler.com.MbInspectionsTests;
				PRODUCT_NAME = "$(TARGET_NAME)";
				SWIFT_VERSION = 3.0;
				TEST_HOST = "$(BUILT_PRODUCTS_DIR)/MbInspections.app/MbInspections";
			};
			name = Release;
		};
/* End XCBuildConfiguration section */

/* Begin XCConfigurationList section */
		003B95761E5DB48800688BFF /* Build configuration list for PBXProject "MbInspections" */ = {
			isa = XCConfigurationList;
			buildConfigurations = (
				003B958D1E5DB48800688BFF /* Debug */,
				003B958E1E5DB48800688BFF /* Release */,
			);
			defaultConfigurationIsVisible = 0;
			defaultConfigurationName = Release;
		};
		003B958F1E5DB48800688BFF /* Build configuration list for PBXNativeTarget "MbInspections" */ = {
			isa = XCConfigurationList;
			buildConfigurations = (
				003B95901E5DB48800688BFF /* Debug */,
				003B95911E5DB48800688BFF /* Release */,
			);
			defaultConfigurationIsVisible = 0;
			defaultConfigurationName = Release;
		};
		00CC4EF91E6171390021B99A /* Build configuration list for PBXNativeTarget "MbInspectionsTests" */ = {
			isa = XCConfigurationList;
			buildConfigurations = (
				00CC4EF71E6171390021B99A /* Debug */,
				00CC4EF81E6171390021B99A /* Release */,
			);
			defaultConfigurationIsVisible = 0;
			defaultConfigurationName = Release;
		};
/* End XCConfigurationList section */
	};
	rootObject = 003B95731E5DB48800688BFF /* Project object */;
}
